
Microsoft Visual Studio Solution File, Format Version 12.00
# Visual Studio Version 16
VisualStudioVersion = 16.0.30621.155
MinimumVisualStudioVersion = 10.0.40219.1
Project("{9A19103F-16F7-4668-BE54-9A1E7A4F7556}") = "HelloSSH", "HelloSSH.csproj", "{1E58C704-A645-4111-AEF5-AD5A5630E99A}"
EndProject
Project("{9A19103F-16F7-4668-BE54-9A1E7A4F7556}") = "SSHAgentFramework", "..\AbstractSSHAgent\SSHAgentFramework.csproj", "{F9112BD2-3CCD-449B-9DE0-2C12C9105428}"
EndProject
Global
	GlobalSection(SolutionConfigurationPlatforms) = preSolution
		Debug|Any CPU = Debug|Any CPU
		Release|Any CPU = Release|Any CPU
	EndGlobalSection
	GlobalSection(ProjectConfigurationPlatforms) = postSolution
		{1E58C704-A645-4111-AEF5-AD5A5630E99A}.Debug|Any CPU.ActiveCfg = Debug|Any CPU
		{1E58C704-A645-4111-AEF5-AD5A5630E99A}.Debug|Any CPU.Build.0 = Debug|Any CPU
		{1E58C704-A645-4111-AEF5-AD5A5630E99A}.Release|Any CPU.ActiveCfg = Release|Any CPU
		{1E58C704-A645-4111-AEF5-AD5A5630E99A}.Release|Any CPU.Build.0 = Release|Any CPU
		{F9112BD2-3CCD-449B-9DE0-2C12C9105428}.Debug|Any CPU.ActiveCfg = Debug|Any CPU
		{F9112BD2-3CCD-449B-9DE0-2C12C9105428}.Debug|Any CPU.Build.0 = Debug|Any CPU
		{F9112BD2-3CCD-449B-9DE0-2C12C9105428}.Release|Any CPU.ActiveCfg = Release|Any CPU
		{F9112BD2-3CCD-449B-9DE0-2C12C9105428}.Release|Any CPU.Build.0 = Release|Any CPU
	EndGlobalSection
	GlobalSection(SolutionProperties) = preSolution
		HideSolutionNode = FALSE
	EndGlobalSection
	GlobalSection(ExtensibilityGlobals) = postSolution
		SolutionGuid = {8F4C7933-8EA6-46E6-A79F-760EE04C9859}
	EndGlobalSection
EndGlobal
